{
  "name": "WebStorage",
  "version": "1.0.0",
  "lockfileVersion": 1,
  "requires": true,
  "dependencies": {
    "@types/crypto-js": {
      "version": "3.1.39",
      "resolved": "https://registry.npmjs.org/@types/crypto-js/-/crypto-js-3.1.39.tgz",
      "integrity": "sha512-LNPf60hAYUnjqeUwWxFrJwjPwOFIwQNy/xdVRQMWnsly38M23lLjhG3osdAJQ74jOplIUCjOhibpqOos0l0FHA=="
    },
    "crypto-js": {
      "version": "3.1.9-1",
      "resolved": "https://registry.npmjs.org/crypto-js/-/crypto-js-3.1.9-1.tgz",
      "integrity": "sha1-/aGedh/Ad+Af+/3G6f38WeiAbNg="
    },
    "typescript": {
      "version": "2.8.3",
      "resolved": "https://registry.npmjs.org/typescript/-/typescript-2.8.3.tgz",
      "integrity": "sha512-K7g15Bb6Ra4lKf7Iq2l/I5/En+hLIHmxWZGq3D4DIRNFxMNV6j2SHSvDOqs2tGd4UvD/fJvrwopzQXjLrT7Itw==",
      "dev": true
    }
  }
}
